
Microsoft Visual Studio Solution File, Format Version 12.00
# Visual Studio 15
VisualStudioVersion = 15.0.27428.2027
MinimumVisualStudioVersion = 10.0.40219.1
Project("{FAE04EC0-301F-11D3-BF4B-00C04F79EFBC}") = "Project WinForm", "Project WinForm\Project WinForm.csproj", "{AE37F206-25AF-4D5F-8FCD-9B8521E2C957}"
EndProject
Global
	GlobalSection(SolutionConfigurationPlatforms) = preSolution
		Debug|Any CPU = Debug|Any CPU
		Release|Any CPU = Release|Any CPU
	EndGlobalSection
	GlobalSection(ProjectConfigurationPlatforms) = postSolution
		{AE37F206-25AF-4D5F-8FCD-9B8521E2C957}.Debug|Any CPU.ActiveCfg = Debug|Any CPU
		{AE37F206-25AF-4D5F-8FCD-9B8521E2C957}.Debug|Any CPU.Build.0 = Debug|Any CPU
		{AE37F206-25AF-4D5F-8FCD-9B8521E2C957}.Release|Any CPU.ActiveCfg = Release|Any CPU
		{AE37F206-25AF-4D5F-8FCD-9B8521E2C957}.Release|Any CPU.Build.0 = Release|Any CPU
	EndGlobalSection
	GlobalSection(SolutionProperties) = preSolution
		HideSolutionNode = FALSE
	EndGlobalSection
	GlobalSection(ExtensibilityGlobals) = postSolution
		SolutionGuid = {4D7A34B5-F151-47F7-84F6-2D16A3582961}
	EndGlobalSection
EndGlobal
